
Microsoft Visual Studio Solution File, Format Version 12.00
# Visual Studio Version 17
VisualStudioVersion = 17.0.32014.148
MinimumVisualStudioVersion = 10.0.40219.1
Project("{2150E333-8FDC-42A3-9474-1A3956D46DE8}") = "src", "src", "{0E8CA887-438A-4FB6-B5B3-560262B375BD}"
EndProject
Project("{2150E333-8FDC-42A3-9474-1A3956D46DE8}") = "Solution Items", "Solution Items", "{615CDA6A-575C-44F8-B9D2-1113A1809511}"
	ProjectSection(SolutionItems) = preProject
		.editorconfig = .editorconfig
		CodeMaid.config = CodeMaid.config
		Directory.Build.props = Directory.Build.props
	EndProjectSection
EndProject
Project("{9A19103F-16F7-4668-BE54-9A1E7A4F7556}") = "Core", "src\Core\Core.csproj", "{63CF1F8F-50AD-4454-B633-4FD110F2B076}"
EndProject
Project("{9A19103F-16F7-4668-BE54-9A1E7A4F7556}") = "BlazorApp", "src\BlazorApp\BlazorApp.csproj", "{72B5BE45-06CA-4E26-9332-BC9C689271DF}"
EndProject
Project("{2150E333-8FDC-42A3-9474-1A3956D46DE8}") = ".github", ".github", "{B4DCF5FB-4A4C-4A4D-B197-E54C4F62A794}"
EndProject
Project("{2150E333-8FDC-42A3-9474-1A3956D46DE8}") = "workflows", "workflows", "{EDE99C8E-68C7-4D90-9720-09ABC7F7BD5D}"
	ProjectSection(SolutionItems) = preProject
		.github\workflows\corebuild.yml = .github\workflows\corebuild.yml
		.github\workflows\docker.yml = .github\workflows\docker.yml
	EndProjectSection
EndProject
Project("{9A19103F-16F7-4668-BE54-9A1E7A4F7556}") = "ChangeDetection.Server", "src\ChangeDetection.Server\ChangeDetection.Server.csproj", "{5E9D8722-8369-4445-80BD-29DE0CCF057F}"
EndProject
Global
	GlobalSection(SolutionConfigurationPlatforms) = preSolution
		Debug|Any CPU = Debug|Any CPU
		Release|Any CPU = Release|Any CPU
	EndGlobalSection
	GlobalSection(ProjectConfigurationPlatforms) = postSolution
		{63CF1F8F-50AD-4454-B633-4FD110F2B076}.Debug|Any CPU.ActiveCfg = Debug|Any CPU
		{63CF1F8F-50AD-4454-B633-4FD110F2B076}.Debug|Any CPU.Build.0 = Debug|Any CPU
		{63CF1F8F-50AD-4454-B633-4FD110F2B076}.Release|Any CPU.ActiveCfg = Release|Any CPU
		{63CF1F8F-50AD-4454-B633-4FD110F2B076}.Release|Any CPU.Build.0 = Release|Any CPU
		{72B5BE45-06CA-4E26-9332-BC9C689271DF}.Debug|Any CPU.ActiveCfg = Debug|Any CPU
		{72B5BE45-06CA-4E26-9332-BC9C689271DF}.Debug|Any CPU.Build.0 = Debug|Any CPU
		{72B5BE45-06CA-4E26-9332-BC9C689271DF}.Release|Any CPU.ActiveCfg = Release|Any CPU
		{72B5BE45-06CA-4E26-9332-BC9C689271DF}.Release|Any CPU.Build.0 = Release|Any CPU
		{5E9D8722-8369-4445-80BD-29DE0CCF057F}.Debug|Any CPU.ActiveCfg = Debug|Any CPU
		{5E9D8722-8369-4445-80BD-29DE0CCF057F}.Debug|Any CPU.Build.0 = Debug|Any CPU
		{5E9D8722-8369-4445-80BD-29DE0CCF057F}.Release|Any CPU.ActiveCfg = Release|Any CPU
		{5E9D8722-8369-4445-80BD-29DE0CCF057F}.Release|Any CPU.Build.0 = Release|Any CPU
	EndGlobalSection
	GlobalSection(SolutionProperties) = preSolution
		HideSolutionNode = FALSE
	EndGlobalSection
	GlobalSection(NestedProjects) = preSolution
		{63CF1F8F-50AD-4454-B633-4FD110F2B076} = {0E8CA887-438A-4FB6-B5B3-560262B375BD}
		{72B5BE45-06CA-4E26-9332-BC9C689271DF} = {0E8CA887-438A-4FB6-B5B3-560262B375BD}
		{B4DCF5FB-4A4C-4A4D-B197-E54C4F62A794} = {615CDA6A-575C-44F8-B9D2-1113A1809511}
		{EDE99C8E-68C7-4D90-9720-09ABC7F7BD5D} = {B4DCF5FB-4A4C-4A4D-B197-E54C4F62A794}
		{5E9D8722-8369-4445-80BD-29DE0CCF057F} = {0E8CA887-438A-4FB6-B5B3-560262B375BD}
	EndGlobalSection
	GlobalSection(ExtensibilityGlobals) = postSolution
		SolutionGuid = {569557B1-CD66-4592-AC3D-24F48FAB711D}
	EndGlobalSection
EndGlobal
